{
    "_readme": [
        "This file locks the dependencies of your project to a known state",
        "Read more about it at https://getcomposer.org/doc/01-basic-usage.md#installing-dependencies",
        "This file is @generated automatically"
    ],
    "content-hash": "84149eb86f14b78135ee6e7b8342452f",
    "packages": [
        {
            "name": "fzaninotto/faker",
            "version": "v1.9.1",
            "source": {
                "type": "git",
                "url": "https://github.com/fzaninotto/Faker.git",
                "reference": "fc10d778e4b84d5bd315dad194661e091d307c6f"
            },
            "dist": {
                "type": "zip",
                "url": "https://api.github.com/repos/fzaninotto/Faker/zipball/fc10d778e4b84d5bd315dad194661e091d307c6f",
                "reference": "fc10d778e4b84d5bd315dad194661e091d307c6f",
                "shasum": ""
            },
            "require": {
                "php": "^5.3.3 || ^7.0"
            },
            "require-dev": {
                "ext-intl": "*",
                "phpunit/phpunit": "^4.8.35 || ^5.7",
                "squizlabs/php_codesniffer": "^2.9.2"
            },
            "type": "library",
            "extra": {
                "branch-alias": {
                    "dev-master": "1.9-dev"
                }
            },
            "autoload": {
                "psr-4": {
                    "Faker\\": "src/Faker/"
                }
            },
            "notification-url": "https://packagist.org/downloads/",
            "license": [
                "MIT"
            ],
            "authors": [
                {
                    "name": "François Zaninotto"
                }
            ],
            "description": "Faker is a PHP library that generates fake data for you.",
            "keywords": [
                "data",
                "faker",
                "fixtures"
            ],
            "abandoned": true,
            "time": "2019-12-12T13:22:17+00:00"
        }
    ],
    "packages-dev": [
        {
            "name": "automattic/jetpack-autoloader",
            "version": "v1.2.0",
            "source": {
                "type": "git",
                "url": "https://github.com/Automattic/jetpack-autoloader.git",
                "reference": "4ad9631e68e9da8b8a764615766287becfb27f81"
            },
            "dist": {
                "type": "zip",
                "url": "https://api.github.com/repos/Automattic/jetpack-autoloader/zipball/4ad9631e68e9da8b8a764615766287becfb27f81",
                "reference": "4ad9631e68e9da8b8a764615766287becfb27f81",
                "shasum": ""
            },
            "require": {
                "composer-plugin-api": "^1.1"
            },
            "require-dev": {
                "phpunit/phpunit": "^5.7 || ^6.5 || ^7.5"
            },
            "type": "composer-plugin",
            "extra": {
                "class": "Automattic\\Jetpack\\Autoloader\\CustomAutoloaderPlugin"
            },
            "autoload": {
                "psr-4": {
                    "Automattic\\Jetpack\\Autoloader\\": "src"
                }
            },
            "notification-url": "https://packagist.org/downloads/",
            "license": [
                "GPL-2.0-or-later"
            ],
            "description": "Creates a custom autoloader for a plugin or theme.",
            "time": "2019-06-24T15:13:23+00:00"
        },
        {
            "name": "composer/installers",
            "version": "v1.7.0",
            "source": {
                "type": "git",
                "url": "https://github.com/composer/installers.git",
                "reference": "141b272484481432cda342727a427dc1e206bfa0"
            },
            "dist": {
                "type": "zip",
                "url": "https://api.github.com/repos/composer/installers/zipball/141b272484481432cda342727a427dc1e206bfa0",
                "reference": "141b272484481432cda342727a427dc1e206bfa0",
                "shasum": ""
            },
            "require": {
                "composer-plugin-api": "^1.0"
            },
            "replace": {
                "roundcube/plugin-installer": "*",
                "shama/baton": "*"
            },
            "require-dev": {
                "composer/composer": "1.0.*@dev",
                "phpunit/phpunit": "^4.8.36"
            },
            "type": "composer-plugin",
            "extra": {
                "class": "Composer\\Installers\\Plugin",
                "branch-alias": {
                    "dev-master": "1.0-dev"
                }
            },
            "autoload": {
                "psr-4": {
                    "Composer\\Installers\\": "src/Composer/Installers"
                }
            },
            "notification-url": "https://packagist.org/downloads/",
            "license": [
                "MIT"
            ],
            "authors": [
                {
                    "name": "Kyle Robinson Young",
                    "email": "kyle@dontkry.com",
                    "homepage": "https://github.com/shama"
                }
            ],
            "description": "A multi-framework Composer library installer",
            "homepage": "https://composer.github.io/installers/",
            "keywords": [
                "Craft",
                "Dolibarr",
                "Eliasis",
                "Hurad",
                "ImageCMS",
                "Kanboard",
                "Lan Management System",
                "MODX Evo",
                "Mautic",
                "Maya",
                "OXID",
                "Plentymarkets",
                "Porto",
                "RadPHP",
                "SMF",
                "Thelia",
                "Whmcs",
                "WolfCMS",
                "agl",
                "aimeos",
                "annotatecms",
                "attogram",
                "bitrix",
                "cakephp",
                "chef",
                "cockpit",
                "codeigniter",
                "concrete5",
                "croogo",
                "dokuwiki",
                "drupal",
                "eZ Platform",
                "elgg",
                "expressionengine",
                "fuelphp",
                "grav",
                "installer",
                "itop",
                "joomla",
                "known",
                "kohana",
                "laravel",
                "lavalite",
                "lithium",
                "magento",
                "majima",
                "mako",
                "mediawiki",
                "modulework",
                "modx",
                "moodle",
                "osclass",
                "phpbb",
                "piwik",
                "ppi",
                "puppet",
                "pxcms",
                "reindex",
                "roundcube",
                "shopware",
                "silverstripe",
                "sydes",
                "symfony",
                "typo3",
                "wordpress",
                "yawik",
                "zend",
                "zikula"
            ],
            "time": "2019-08-12T15:00:31+00:00"
        },
        {
            "name": "cweagans/composer-patches",
            "version": "1.6.7",
            "source": {
                "type": "git",
                "url": "https://github.com/cweagans/composer-patches.git",
                "reference": "2e6f72a2ad8d59cd7e2b729f218bf42adb14f590"
            },
            "dist": {
                "type": "zip",
                "url": "https://api.github.com/repos/cweagans/composer-patches/zipball/2e6f72a2ad8d59cd7e2b729f218bf42adb14f590",
                "reference": "2e6f72a2ad8d59cd7e2b729f218bf42adb14f590",
                "shasum": ""
            },
            "require": {
                "composer-plugin-api": "^1.0",
                "php": ">=5.3.0"
            },
            "require-dev": {
                "composer/composer": "~1.0",
                "phpunit/phpunit": "~4.6"
            },
            "type": "composer-plugin",
            "extra": {
                "class": "cweagans\\Composer\\Patches"
            },
            "autoload": {
                "psr-4": {
                    "cweagans\\Composer\\": "src"
                }
            },
            "notification-url": "https://packagist.org/downloads/",
            "license": [
                "BSD-3-Clause"
            ],
            "authors": [
                {
                    "name": "Cameron Eagans",
                    "email": "me@cweagans.net"
                }
            ],
            "description": "Provides a way to patch Composer packages.",
            "time": "2019-08-29T20:11:49+00:00"
        },
        {
            "name": "dealerdirect/phpcodesniffer-composer-installer",
            "version": "v0.5.0",
            "source": {
                "type": "git",
                "url": "https://github.com/Dealerdirect/phpcodesniffer-composer-installer.git",
                "reference": "e749410375ff6fb7a040a68878c656c2e610b132"
            },
            "dist": {
                "type": "zip",
                "url": "https://api.github.com/repos/Dealerdirect/phpcodesniffer-composer-installer/zipball/e749410375ff6fb7a040a68878c656c2e610b132",
                "reference": "e749410375ff6fb7a040a68878c656c2e610b132",
                "shasum": ""
            },
            "require": {
                "composer-plugin-api": "^1.0",
                "php": "^5.3|^7",
                "squizlabs/php_codesniffer": "^2|^3"
            },
            "require-dev": {
                "composer/composer": "*",
                "phpcompatibility/php-compatibility": "^9.0",
                "sensiolabs/security-checker": "^4.1.0"
            },
            "type": "composer-plugin",
            "extra": {
                "class": "Dealerdirect\\Composer\\Plugin\\Installers\\PHPCodeSniffer\\Plugin"
            },
            "autoload": {
                "psr-4": {
                    "Dealerdirect\\Composer\\Plugin\\Installers\\PHPCodeSniffer\\": "src/"
                }
            },
            "notification-url": "https://packagist.org/downloads/",
            "license": [
                "MIT"
            ],
            "authors": [
                {
                    "name": "Franck Nijhof",
                    "email": "franck.nijhof@dealerdirect.com",
                    "homepage": "http://www.frenck.nl",
                    "role": "Developer / IT Manager"
                }
            ],
            "description": "PHP_CodeSniffer Standards Composer Installer Plugin",
            "homepage": "http://www.dealerdirect.com",
            "keywords": [
                "PHPCodeSniffer",
                "PHP_CodeSniffer",
                "code quality",
                "codesniffer",
                "composer",
                "installer",
                "phpcs",
                "plugin",
                "qa",
                "quality",
                "standard",
                "standards",
                "style guide",
                "stylecheck",
                "tests"
            ],
            "time": "2018-10-26T13:21:45+00:00"
        },
        {
            "name": "mustache/mustache",
            "version": "v2.13.0",
            "source": {
                "type": "git",
                "url": "https://github.com/bobthecow/mustache.php.git",
                "reference": "e95c5a008c23d3151d59ea72484d4f72049ab7f4"
            },
            "dist": {
                "type": "zip",
                "url": "https://api.github.com/repos/bobthecow/mustache.php/zipball/e95c5a008c23d3151d59ea72484d4f72049ab7f4",
                "reference": "e95c5a008c23d3151d59ea72484d4f72049ab7f4",
                "shasum": ""
            },
            "require": {
                "php": ">=5.2.4"
            },
            "require-dev": {
                "friendsofphp/php-cs-fixer": "~1.11",
                "phpunit/phpunit": "~3.7|~4.0|~5.0"
            },
            "type": "library",
            "autoload": {
                "psr-0": {
                    "Mustache": "src/"
                }
            },
            "notification-url": "https://packagist.org/downloads/",
            "license": [
                "MIT"
            ],
            "authors": [
                {
                    "name": "Justin Hileman",
                    "email": "justin@justinhileman.info",
                    "homepage": "http://justinhileman.com"
                }
            ],
            "description": "A Mustache implementation in PHP.",
            "homepage": "https://github.com/bobthecow/mustache.php",
            "keywords": [
                "mustache",
                "templating"
            ],
            "time": "2019-11-23T21:40:31+00:00"
        },
        {
            "name": "phpcompatibility/php-compatibility",
            "version": "9.3.5",
            "source": {
                "type": "git",
                "url": "https://github.com/PHPCompatibility/PHPCompatibility.git",
                "reference": "9fb324479acf6f39452e0655d2429cc0d3914243"
            },
            "dist": {
                "type": "zip",
                "url": "https://api.github.com/repos/PHPCompatibility/PHPCompatibility/zipball/9fb324479acf6f39452e0655d2429cc0d3914243",
                "reference": "9fb324479acf6f39452e0655d2429cc0d3914243",
                "shasum": ""
            },
            "require": {
                "php": ">=5.3",
                "squizlabs/php_codesniffer": "^2.3 || ^3.0.2"
            },
            "conflict": {
                "squizlabs/php_codesniffer": "2.6.2"
            },
            "require-dev": {
                "phpunit/phpunit": "~4.5 || ^5.0 || ^6.0 || ^7.0"
            },
            "suggest": {
                "dealerdirect/phpcodesniffer-composer-installer": "^0.5 || This Composer plugin will sort out the PHPCS 'installed_paths' automatically.",
                "roave/security-advisories": "dev-master || Helps prevent installing dependencies with known security issues."
            },
            "type": "phpcodesniffer-standard",
            "notification-url": "https://packagist.org/downloads/",
            "license": [
                "LGPL-3.0-or-later"
            ],
            "authors": [
                {
                    "name": "Wim Godden",
                    "homepage": "https://github.com/wimg",
                    "role": "lead"
                },
                {
                    "name": "Juliette Reinders Folmer",
                    "homepage": "https://github.com/jrfnl",
                    "role": "lead"
                },
                {
                    "name": "Contributors",
                    "homepage": "https://github.com/PHPCompatibility/PHPCompatibility/graphs/contributors"
                }
            ],
            "description": "A set of sniffs for PHP_CodeSniffer that checks for PHP cross-version compatibility.",
            "homepage": "http://techblog.wimgodden.be/tag/codesniffer/",
            "keywords": [
                "compatibility",
                "phpcs",
                "standards"
            ],
            "time": "2019-12-27T09:44:58+00:00"
        },
        {
            "name": "phpcompatibility/phpcompatibility-paragonie",
            "version": "1.3.0",
            "source": {
                "type": "git",
                "url": "https://github.com/PHPCompatibility/PHPCompatibilityParagonie.git",
                "reference": "b862bc32f7e860d0b164b199bd995e690b4b191c"
            },
            "dist": {
                "type": "zip",
                "url": "https://api.github.com/repos/PHPCompatibility/PHPCompatibilityParagonie/zipball/b862bc32f7e860d0b164b199bd995e690b4b191c",
                "reference": "b862bc32f7e860d0b164b199bd995e690b4b191c",
                "shasum": ""
            },
            "require": {
                "phpcompatibility/php-compatibility": "^9.0"
            },
            "require-dev": {
                "dealerdirect/phpcodesniffer-composer-installer": "^0.5",
                "paragonie/random_compat": "dev-master",
                "paragonie/sodium_compat": "dev-master"
            },
            "suggest": {
                "dealerdirect/phpcodesniffer-composer-installer": "^0.5 || This Composer plugin will sort out the PHP_CodeSniffer 'installed_paths' automatically.",
                "roave/security-advisories": "dev-master || Helps prevent installing dependencies with known security issues."
            },
            "type": "phpcodesniffer-standard",
            "notification-url": "https://packagist.org/downloads/",
            "license": [
                "LGPL-3.0-or-later"
            ],
            "authors": [
                {
                    "name": "Wim Godden",
                    "role": "lead"
                },
                {
                    "name": "Juliette Reinders Folmer",
                    "role": "lead"
                }
            ],
            "description": "A set of rulesets for PHP_CodeSniffer to check for PHP cross-version compatibility issues in projects, while accounting for polyfills provided by the Paragonie polyfill libraries.",
            "homepage": "http://phpcompatibility.com/",
            "keywords": [
                "compatibility",
                "paragonie",
                "phpcs",
                "polyfill",
                "standards"
            ],
            "time": "2019-11-04T15:17:54+00:00"
        },
        {
            "name": "phpcompatibility/phpcompatibility-wp",
            "version": "2.1.0",
            "source": {
                "type": "git",
                "url": "https://github.com/PHPCompatibility/PHPCompatibilityWP.git",
                "reference": "41bef18ba688af638b7310666db28e1ea9158b2f"
            },
            "dist": {
                "type": "zip",
                "url": "https://api.github.com/repos/PHPCompatibility/PHPCompatibilityWP/zipball/41bef18ba688af638b7310666db28e1ea9158b2f",
                "reference": "41bef18ba688af638b7310666db28e1ea9158b2f",
                "shasum": ""
            },
            "require": {
                "phpcompatibility/php-compatibility": "^9.0",
                "phpcompatibility/phpcompatibility-paragonie": "^1.0"
            },
            "require-dev": {
                "dealerdirect/phpcodesniffer-composer-installer": "^0.5"
            },
            "suggest": {
                "dealerdirect/phpcodesniffer-composer-installer": "^0.5 || This Composer plugin will sort out the PHP_CodeSniffer 'installed_paths' automatically.",
                "roave/security-advisories": "dev-master || Helps prevent installing dependencies with known security issues."
            },
            "type": "phpcodesniffer-standard",
            "notification-url": "https://packagist.org/downloads/",
            "license": [
                "LGPL-3.0-or-later"
            ],
            "authors": [
                {
                    "name": "Wim Godden",
                    "role": "lead"
                },
                {
                    "name": "Juliette Reinders Folmer",
                    "role": "lead"
                }
            ],
            "description": "A ruleset for PHP_CodeSniffer to check for PHP cross-version compatibility issues in projects, while accounting for polyfills provided by WordPress.",
            "homepage": "http://phpcompatibility.com/",
            "keywords": [
                "compatibility",
                "phpcs",
                "standards",
                "wordpress"
            ],
            "time": "2019-08-28T14:22:28+00:00"
        },
        {
            "name": "rmccue/requests",
            "version": "v1.8.0",
            "source": {
                "type": "git",
                "url": "https://github.com/WordPress/Requests.git",
                "reference": "afbe4790e4def03581c4a0963a1e8aa01f6030f1"
            },
            "dist": {
                "type": "zip",
                "url": "https://api.github.com/repos/WordPress/Requests/zipball/afbe4790e4def03581c4a0963a1e8aa01f6030f1",
                "reference": "afbe4790e4def03581c4a0963a1e8aa01f6030f1",
                "shasum": ""
            },
            "require": {
                "php": ">=5.2"
            },
            "require-dev": {
                "dealerdirect/phpcodesniffer-composer-installer": "^0.7",
                "php-parallel-lint/php-console-highlighter": "^0.5.0",
                "php-parallel-lint/php-parallel-lint": "^1.3",
                "phpcompatibility/php-compatibility": "^9.0",
                "phpunit/phpunit": "^4.8 || ^5.7 || ^6.5 || ^7.5",
                "requests/test-server": "dev-master",
                "squizlabs/php_codesniffer": "^3.5",
                "wp-coding-standards/wpcs": "^2.0"
            },
            "type": "library",
            "autoload": {
                "psr-0": {
                    "Requests": "library/"
                }
            },
            "notification-url": "https://packagist.org/downloads/",
            "license": [
                "ISC"
            ],
            "authors": [
                {
                    "name": "Ryan McCue",
                    "homepage": "http://ryanmccue.info"
                }
            ],
            "description": "A HTTP library written in PHP, for human beings.",
            "homepage": "http://github.com/WordPress/Requests",
            "keywords": [
                "curl",
                "fsockopen",
                "http",
                "idna",
                "ipv6",
                "iri",
                "sockets"
            ],
            "time": "2021-04-27T11:05:25+00:00"
        },
        {
            "name": "squizlabs/php_codesniffer",
            "version": "3.5.3",
            "source": {
                "type": "git",
                "url": "https://github.com/squizlabs/PHP_CodeSniffer.git",
                "reference": "557a1fc7ac702c66b0bbfe16ab3d55839ef724cb"
            },
            "dist": {
                "type": "zip",
                "url": "https://api.github.com/repos/squizlabs/PHP_CodeSniffer/zipball/557a1fc7ac702c66b0bbfe16ab3d55839ef724cb",
                "reference": "557a1fc7ac702c66b0bbfe16ab3d55839ef724cb",
                "shasum": ""
            },
            "require": {
                "ext-simplexml": "*",
                "ext-tokenizer": "*",
                "ext-xmlwriter": "*",
                "php": ">=5.4.0"
            },
            "require-dev": {
                "phpunit/phpunit": "^4.0 || ^5.0 || ^6.0 || ^7.0"
            },
            "bin": [
                "bin/phpcs",
                "bin/phpcbf"
            ],
            "type": "library",
            "extra": {
                "branch-alias": {
                    "dev-master": "3.x-dev"
                }
            },
            "notification-url": "https://packagist.org/downloads/",
            "license": [
                "BSD-3-Clause"
            ],
            "authors": [
                {
                    "name": "Greg Sherwood",
                    "role": "lead"
                }
            ],
            "description": "PHP_CodeSniffer tokenizes PHP, JavaScript and CSS files and detects violations of a defined set of coding standards.",
            "homepage": "https://github.com/squizlabs/PHP_CodeSniffer",
            "keywords": [
                "phpcs",
                "standards"
            ],
            "time": "2019-12-04T04:46:47+00:00"
        },
        {
            "name": "symfony/finder",
            "version": "v5.0.2",
            "source": {
                "type": "git",
                "url": "https://github.com/symfony/finder.git",
                "reference": "17874dd8ab9a19422028ad56172fb294287a701b"
            },
            "dist": {
                "type": "zip",
                "url": "https://api.github.com/repos/symfony/finder/zipball/17874dd8ab9a19422028ad56172fb294287a701b",
                "reference": "17874dd8ab9a19422028ad56172fb294287a701b",
                "shasum": ""
            },
            "require": {
                "php": "^7.2.5"
            },
            "type": "library",
            "extra": {
                "branch-alias": {
                    "dev-master": "5.0-dev"
                }
            },
            "autoload": {
                "psr-4": {
                    "Symfony\\Component\\Finder\\": ""
                },
                "exclude-from-classmap": [
                    "/Tests/"
                ]
            },
            "notification-url": "https://packagist.org/downloads/",
            "license": [
                "MIT"
            ],
            "authors": [
                {
                    "name": "Fabien Potencier",
                    "email": "fabien@symfony.com"
                },
                {
                    "name": "Symfony Community",
                    "homepage": "https://symfony.com/contributors"
                }
            ],
            "description": "Symfony Finder Component",
            "homepage": "https://symfony.com",
            "time": "2019-11-18T17:27:11+00:00"
        },
        {
            "name": "woocommerce/woocommerce",
            "version": "3.8.1",
            "source": {
                "type": "git",
                "url": "https://github.com/woocommerce/woocommerce.git",
                "reference": "674d7f65ee1bfc10908e6d4a551687a08e0bb4a5"
            },
            "dist": {
                "type": "zip",
                "url": "https://api.github.com/repos/woocommerce/woocommerce/zipball/674d7f65ee1bfc10908e6d4a551687a08e0bb4a5",
                "reference": "674d7f65ee1bfc10908e6d4a551687a08e0bb4a5",
                "shasum": ""
            },
            "require": {
                "automattic/jetpack-autoloader": "^1.2.0",
                "composer/installers": "1.7.0",
                "php": ">=5.6|>=7.0",
                "woocommerce/woocommerce-blocks": "2.4.5",
                "woocommerce/woocommerce-rest-api": "1.0.3"
            },
            "require-dev": {
                "phpunit/phpunit": "7.5.16",
                "woocommerce/woocommerce-sniffs": "0.0.7"
            },
            "type": "wordpress-plugin",
            "extra": {
                "installer-paths": {
                    "packages/woocommerce-rest-api": [
                        "woocommerce/woocommerce-rest-api"
                    ],
                    "packages/woocommerce-blocks": [
                        "woocommerce/woocommerce-blocks"
                    ]
                },
                "scripts-description": {
                    "test": "Run unit tests",
                    "phpcs": "Analyze code against the WordPress coding standards with PHP_CodeSniffer",
                    "phpcbf": "Fix coding standards warnings/errors automatically with PHP Code Beautifier"
                }
            },
            "autoload": {
                "exclude-from-classmap": [
                    "includes/legacy",
                    "includes/libraries"
                ],
                "psr-4": {
                    "Automattic\\WooCommerce\\": "src/"
                }
            },
            "notification-url": "https://packagist.org/downloads/",
            "license": [
                "GPL-3.0-or-later"
            ],
            "description": "An eCommerce toolkit that helps you sell anything. Beautifully.",
            "homepage": "https://woocommerce.com/",
            "time": "2019-11-27T18:18:26+00:00"
        },
        {
            "name": "woocommerce/woocommerce-blocks",
            "version": "v2.4.5",
            "source": {
                "type": "git",
                "url": "https://github.com/woocommerce/woocommerce-gutenberg-products-block.git",
                "reference": "130bc40824f844c0870c94c0ad0aa7a6abb74f6f"
            },
            "dist": {
                "type": "zip",
                "url": "https://api.github.com/repos/woocommerce/woocommerce-gutenberg-products-block/zipball/130bc40824f844c0870c94c0ad0aa7a6abb74f6f",
                "reference": "130bc40824f844c0870c94c0ad0aa7a6abb74f6f",
                "shasum": ""
            },
            "require": {
                "automattic/jetpack-autoloader": "1.2.0",
                "composer/installers": "1.7.0"
            },
            "require-dev": {
                "phpunit/phpunit": "6.5.14",
                "woocommerce/woocommerce-sniffs": "0.0.6"
            },
            "type": "wordpress-plugin",
            "extra": {
                "scripts-description": {
                    "phpcs": "Analyze code against the WordPress coding standards with PHP_CodeSniffer",
                    "phpcbf": "Fix coding standards warnings/errors automatically with PHP Code Beautifier"
                }
            },
            "autoload": {
                "psr-4": {
                    "Automattic\\WooCommerce\\Blocks\\": "src/"
                }
            },
            "notification-url": "https://packagist.org/downloads/",
            "license": [
                "GPL-3.0-or-later"
            ],
            "description": "WooCommerce blocks for the Gutenberg editor.",
            "homepage": "https://woocommerce.com/",
            "keywords": [
                "blocks",
                "gutenberg",
                "woocommerce"
            ],
            "time": "2019-11-02T13:48:18+00:00"
        },
        {
            "name": "woocommerce/woocommerce-rest-api",
            "version": "1.0.3",
            "source": {
                "type": "git",
                "url": "https://github.com/woocommerce/woocommerce-rest-api.git",
                "reference": "7d9babf1c25890c32df3edb28b8351732640f5ce"
            },
            "dist": {
                "type": "zip",
                "url": "https://api.github.com/repos/woocommerce/woocommerce-rest-api/zipball/7d9babf1c25890c32df3edb28b8351732640f5ce",
                "reference": "7d9babf1c25890c32df3edb28b8351732640f5ce",
                "shasum": ""
            },
            "require": {
                "automattic/jetpack-autoloader": "1.2.0"
            },
            "require-dev": {
                "phpunit/phpunit": "6.5.14",
                "woocommerce/woocommerce-sniffs": "0.0.6"
            },
            "type": "wordpress-plugin",
            "autoload": {
                "classmap": [
                    "src/Controllers/Version1",
                    "src/Controllers/Version2",
                    "src/Controllers/Version3"
                ],
                "psr-4": {
                    "Automattic\\WooCommerce\\RestApi\\": "src"
                }
            },
            "notification-url": "https://packagist.org/downloads/",
            "license": [
                "GPL-3.0-or-later"
            ],
            "description": "The WooCommerce core REST API.",
            "homepage": "https://github.com/woocommerce/woocommerce-rest-api",
            "time": "2019-07-16T14:27:40+00:00"
        },
        {
            "name": "wp-cli/mustangostang-spyc",
            "version": "0.6.3",
            "source": {
                "type": "git",
                "url": "https://github.com/wp-cli/spyc.git",
                "reference": "6aa0b4da69ce9e9a2c8402dab8d43cf32c581cc7"
            },
            "dist": {
                "type": "zip",
                "url": "https://api.github.com/repos/wp-cli/spyc/zipball/6aa0b4da69ce9e9a2c8402dab8d43cf32c581cc7",
                "reference": "6aa0b4da69ce9e9a2c8402dab8d43cf32c581cc7",
                "shasum": ""
            },
            "require": {
                "php": ">=5.3.1"
            },
            "require-dev": {
                "phpunit/phpunit": "4.3.*@dev"
            },
            "type": "library",
            "extra": {
                "branch-alias": {
                    "dev-master": "0.5.x-dev"
                }
            },
            "autoload": {
                "psr-4": {
                    "Mustangostang\\": "src/"
                },
                "files": [
                    "includes/functions.php"
                ]
            },
            "notification-url": "https://packagist.org/downloads/",
            "license": [
                "MIT"
            ],
            "authors": [
                {
                    "name": "mustangostang",
                    "email": "vlad.andersen@gmail.com"
                }
            ],
            "description": "A simple YAML loader/dumper class for PHP (WP-CLI fork)",
            "homepage": "https://github.com/mustangostang/spyc/",
            "time": "2017-04-25T11:26:20+00:00"
        },
        {
            "name": "wp-cli/php-cli-tools",
            "version": "v0.11.11",
            "source": {
                "type": "git",
                "url": "https://github.com/wp-cli/php-cli-tools.git",
                "reference": "fe9c7c44a9e1bf2196ec51dc38da0593dbf2993f"
            },
            "dist": {
                "type": "zip",
                "url": "https://api.github.com/repos/wp-cli/php-cli-tools/zipball/fe9c7c44a9e1bf2196ec51dc38da0593dbf2993f",
                "reference": "fe9c7c44a9e1bf2196ec51dc38da0593dbf2993f",
                "shasum": ""
            },
            "require": {
                "php": ">= 5.3.0"
            },
            "type": "library",
            "autoload": {
                "psr-0": {
                    "cli": "lib/"
                },
                "files": [
                    "lib/cli/cli.php"
                ]
            },
            "notification-url": "https://packagist.org/downloads/",
            "license": [
                "MIT"
            ],
            "authors": [
                {
                    "name": "James Logsdon",
                    "email": "jlogsdon@php.net",
                    "role": "Developer"
                },
                {
                    "name": "Daniel Bachhuber",
                    "email": "daniel@handbuilt.co",
                    "role": "Maintainer"
                }
            ],
            "description": "Console utilities for PHP",
            "homepage": "http://github.com/wp-cli/php-cli-tools",
            "keywords": [
                "cli",
                "console"
            ],
            "time": "2018-09-04T13:28:00+00:00"
        },
        {
            "name": "wp-cli/wp-cli",
            "version": "v2.4.0",
            "source": {
                "type": "git",
                "url": "https://github.com/wp-cli/wp-cli.git",
                "reference": "74c949c74708e3a88ad0add70f3236c8675dfd85"
            },
            "dist": {
                "type": "zip",
                "url": "https://api.github.com/repos/wp-cli/wp-cli/zipball/74c949c74708e3a88ad0add70f3236c8675dfd85",
                "reference": "74c949c74708e3a88ad0add70f3236c8675dfd85",
                "shasum": ""
            },
            "require": {
                "cweagans/composer-patches": "^1.6",
                "ext-curl": "*",
                "mustache/mustache": "~2.4",
                "php": "^5.4 || ^7.0",
                "rmccue/requests": "~1.6",
                "symfony/finder": ">2.7",
                "wp-cli/mustangostang-spyc": "^0.6.3",
                "wp-cli/php-cli-tools": "~0.11.2"
            },
            "require-dev": {
                "roave/security-advisories": "dev-master",
                "wp-cli/db-command": "^1.3 || ^2",
                "wp-cli/entity-command": "^1.2 || ^2",
                "wp-cli/extension-command": "^1.1 || ^2",
                "wp-cli/package-command": "^1 || ^2",
                "wp-cli/wp-cli-tests": "^2.1"
            },
            "suggest": {
                "ext-readline": "Include for a better --prompt implementation",
                "ext-zip": "Needed to support extraction of ZIP archives when doing downloads or updates"
            },
            "bin": [
                "bin/wp",
                "bin/wp.bat"
            ],
            "type": "library",
            "extra": {
                "branch-alias": {
                    "dev-master": "2.4.x-dev"
                },
                "patches": {
                    "mustache/mustache": {
                        "Avoid notices on PHP 7.4+": "https://patch-diff.githubusercontent.com/raw/bobthecow/mustache.php/pull/349.patch"
                    }
                }
            },
            "autoload": {
                "psr-0": {
                    "WP_CLI": "php"
                }
            },
            "notification-url": "https://packagist.org/downloads/",
            "license": [
                "MIT"
            ],
            "description": "WP-CLI framework",
            "homepage": "https://wp-cli.org",
            "keywords": [
                "cli",
                "wordpress"
            ],
            "time": "2019-11-12T15:26:05+00:00"
        },
        {
            "name": "wp-coding-standards/wpcs",
            "version": "2.2.0",
            "source": {
                "type": "git",
                "url": "https://github.com/WordPress/WordPress-Coding-Standards.git",
                "reference": "f90e8692ce97b693633db7ab20bfa78d930f536a"
            },
            "dist": {
                "type": "zip",
                "url": "https://api.github.com/repos/WordPress/WordPress-Coding-Standards/zipball/f90e8692ce97b693633db7ab20bfa78d930f536a",
                "reference": "f90e8692ce97b693633db7ab20bfa78d930f536a",
                "shasum": ""
            },
            "require": {
                "php": ">=5.4",
                "squizlabs/php_codesniffer": "^3.3.1"
            },
            "require-dev": {
                "dealerdirect/phpcodesniffer-composer-installer": "^0.5.0",
                "phpcompatibility/php-compatibility": "^9.0",
                "phpunit/phpunit": "^4.0 || ^5.0 || ^6.0 || ^7.0"
            },
            "suggest": {
                "dealerdirect/phpcodesniffer-composer-installer": "^0.5.0 || This Composer plugin will sort out the PHPCS 'installed_paths' automatically."
            },
            "type": "phpcodesniffer-standard",
            "notification-url": "https://packagist.org/downloads/",
            "license": [
                "MIT"
            ],
            "authors": [
                {
                    "name": "Contributors",
                    "homepage": "https://github.com/WordPress/WordPress-Coding-Standards/graphs/contributors"
                }
            ],
            "description": "PHP_CodeSniffer rules (sniffs) to enforce WordPress coding conventions",
            "keywords": [
                "phpcs",
                "standards",
                "wordpress"
            ],
            "time": "2019-11-11T12:34:03+00:00"
        },
        {
            "name": "wpackagist-plugin/perfect-woocommerce-brands",
            "version": "1.7.7",
            "source": {
                "type": "svn",
                "url": "https://plugins.svn.wordpress.org/perfect-woocommerce-brands/",
                "reference": "tags/1.7.7"
            },
            "dist": {
                "type": "zip",
                "url": "https://downloads.wordpress.org/plugin/perfect-woocommerce-brands.1.7.7.zip"
            },
            "require": {
                "composer/installers": "~1.0"
            },
            "type": "wordpress-plugin",
            "homepage": "https://wordpress.org/plugins/perfect-woocommerce-brands/"
        },
        {
            "name": "yoast/yoastcs",
            "version": "2.0.0",
            "source": {
                "type": "git",
                "url": "https://github.com/Yoast/yoastcs.git",
                "reference": "2f445bea2b94cfe352e3d5c11c1fc7071ca5545a"
            },
            "dist": {
                "type": "zip",
                "url": "https://api.github.com/repos/Yoast/yoastcs/zipball/2f445bea2b94cfe352e3d5c11c1fc7071ca5545a",
                "reference": "2f445bea2b94cfe352e3d5c11c1fc7071ca5545a",
                "shasum": ""
            },
            "require": {
                "dealerdirect/phpcodesniffer-composer-installer": "^0.5.0",
                "php": ">=5.4",
                "phpcompatibility/phpcompatibility-wp": "^2.1.0",
                "squizlabs/php_codesniffer": "^3.5.0",
                "wp-coding-standards/wpcs": "^2.2.0"
            },
            "require-dev": {
                "jakub-onderka/php-console-highlighter": "^0.4",
                "jakub-onderka/php-parallel-lint": "^1.0",
                "phpcompatibility/php-compatibility": "^9.2.0",
                "phpunit/phpunit": "^4.0 || ^5.0 || ^6.0 || ^7.0",
                "roave/security-advisories": "dev-master"
            },
            "type": "phpcodesniffer-standard",
            "notification-url": "https://packagist.org/downloads/",
            "license": [
                "MIT"
            ],
            "authors": [
                {
                    "name": "Team Yoast",
                    "email": "support@yoast.com",
                    "homepage": "https://yoast.com"
                }
            ],
            "description": "PHP_CodeSniffer rules for Yoast projects",
            "homepage": "https://github.com/Yoast/yoastcs",
            "keywords": [
                "phpcs",
                "standards",
                "wordpress",
                "yoast"
            ],
            "time": "2019-12-17T07:40:59+00:00"
        }
    ],
    "aliases": [],
    "minimum-stability": "stable",
    "stability-flags": [],
    "prefer-stable": false,
    "prefer-lowest": false,
    "platform": [],
    "platform-dev": [],
    "plugin-api-version": "1.1.0"
}
